// !$*UTF8*$!
{
	archiveVersion = 1;
	classes = {
	};
	objectVersion = 50;
	objects = {

/* Begin PBXBuildFile section */
		643956872219032D00929D51 /* AppDelegate.swift in Sources */ = {isa = PBXBuildFile; fileRef = 643956862219032D00929D51 /* AppDelegate.swift */; };
		643956892219032D00929D51 /* ViewController.swift in Sources */ = {isa = PBXBuildFile; fileRef = 643956882219032D00929D51 /* ViewController.swift */; };
		6439568C2219032D00929D51 /* Main.storyboard in Resources */ = {isa = PBXBuildFile; fileRef = 6439568A2219032D00929D51 /* Main.storyboard */; };
		6439568E2219032E00929D51 /* Assets.xcassets in Resources */ = {isa = PBXBuildFile; fileRef = 6439568D2219032E00929D51 /* Assets.xcassets */; };
		643956912219032E00929D51 /* LaunchScreen.storyboard in Resources */ = {isa = PBXBuildFile; fileRef = 6439568F2219032E00929D51 /* LaunchScreen.storyboard */; };
		6439569F2219056B00929D51 /* FeTenDot.swift in Sources */ = {isa = PBXBuildFile; fileRef = 6439569E2219056B00929D51 /* FeTenDot.swift */; };
		643956A12219102500929D51 /* FeSpinnerTenDot.swift in Sources */ = {isa = PBXBuildFile; fileRef = 643956A02219102500929D51 /* FeSpinnerTenDot.swift */; };
		643956A3221A878F00929D51 /* UIColor+Extension.swift in Sources */ = {isa = PBXBuildFile; fileRef = 643956A2221A878F00929D51 /* UIColor+Extension.swift */; };
		643956A7221A973100929D51 /* TenDotViewController.swift in Sources */ = {isa = PBXBuildFile; fileRef = 643956A6221A973100929D51 /* TenDotViewController.swift */; };
		64FE44C9221BD30B00D59B5B /* FeLoadingIcon.swift in Sources */ = {isa = PBXBuildFile; fileRef = 64FE44C8221BD30B00D59B5B /* FeLoadingIcon.swift */; };
		64FE44CB221BD73B00D59B5B /* FeLoadingIconBox.swift in Sources */ = {isa = PBXBuildFile; fileRef = 64FE44CA221BD73B00D59B5B /* FeLoadingIconBox.swift */; };
/* End PBXBuildFile section */

/* Begin PBXFileReference section */
		643956832219032D00929D51 /* FeSpinnerSwift.app */ = {isa = PBXFileReference; explicitFileType = wrapper.application; includeInIndex = 0; path = FeSpinnerSwift.app; sourceTree = BUILT_PRODUCTS_DIR; };
		643956862219032D00929D51 /* AppDelegate.swift */ = {isa = PBXFileReference; lastKnownFileType = sourcecode.swift; path = AppDelegate.swift; sourceTree = "<group>"; };
		643956882219032D00929D51 /* ViewController.swift */ = {isa = PBXFileReference; lastKnownFileType = sourcecode.swift; path = ViewController.swift; sourceTree = "<group>"; };
		6439568B2219032D00929D51 /* Base */ = {isa = PBXFileReference; lastKnownFileType = file.storyboard; name = Base; path = Base.lproj/Main.storyboard; sourceTree = "<group>"; };
		6439568D2219032E00929D51 /* Assets.xcassets */ = {isa = PBXFileReference; lastKnownFileType = folder.assetcatalog; path = Assets.xcassets; sourceTree = "<group>"; };
		643956902219032E00929D51 /* Base */ = {isa = PBXFileReference; lastKnownFileType = file.storyboard; name = Base; path = Base.lproj/LaunchScreen.storyboard; sourceTree = "<group>"; };
		643956922219032E00929D51 /* Info.plist */ = {isa = PBXFileReference; lastKnownFileType = text.plist.xml; path = Info.plist; sourceTree = "<group>"; };
		6439569E2219056B00929D51 /* FeTenDot.swift */ = {isa = PBXFileReference; lastKnownFileType = sourcecode.swift; path = FeTenDot.swift; sourceTree = "<group>"; };
		643956A02219102500929D51 /* FeSpinnerTenDot.swift */ = {isa = PBXFileReference; lastKnownFileType = sourcecode.swift; path = FeSpinnerTenDot.swift; sourceTree = "<group>"; };
		643956A2221A878F00929D51 /* UIColor+Extension.swift */ = {isa = PBXFileReference; fileEncoding = 4; lastKnownFileType = sourcecode.swift; path = "UIColor+Extension.swift"; sourceTree = "<group>"; };
		643956A6221A973100929D51 /* TenDotViewController.swift */ = {isa = PBXFileReference; lastKnownFileType = sourcecode.swift; path = TenDotViewController.swift; sourceTree = "<group>"; };
		64FE44C8221BD30B00D59B5B /* FeLoadingIcon.swift */ = {isa = PBXFileReference; lastKnownFileType = sourcecode.swift; path = FeLoadingIcon.swift; sourceTree = "<group>"; };
		64FE44CA221BD73B00D59B5B /* FeLoadingIconBox.swift */ = {isa = PBXFileReference; lastKnownFileType = sourcecode.swift; path = FeLoadingIconBox.swift; sourceTree = "<group>"; };
/* End PBXFileReference section */

/* Begin PBXFrameworksBuildPhase section */
		643956802219032D00929D51 /* Frameworks */ = {
			isa = PBXFrameworksBuildPhase;
			buildActionMask = 2147483647;
			files = (
			);
			runOnlyForDeploymentPostprocessing = 0;
		};
/* End PBXFrameworksBuildPhase section */

/* Begin PBXGroup section */
		6439567A2219032D00929D51 = {
			isa = PBXGroup;
			children = (
				643956852219032D00929D51 /* FeSpinnerSwift */,
				643956842219032D00929D51 /* Products */,
			);
			sourceTree = "<group>";
		};
		643956842219032D00929D51 /* Products */ = {
			isa = PBXGroup;
			children = (
				643956832219032D00929D51 /* FeSpinnerSwift.app */,
			);
			name = Products;
			sourceTree = "<group>";
		};
		643956852219032D00929D51 /* FeSpinnerSwift */ = {
			isa = PBXGroup;
			children = (
				643956A5221A970E00929D51 /* Tools */,
				643956A4221A96FF00929D51 /* Views */,
				6439569A221903B300929D51 /* AppDelegate */,
				6439569B2219051700929D51 /* FeSpinner */,
				643956982219039600929D51 /* Supporting Files */,
			);
			path = FeSpinnerSwift;
			sourceTree = "<group>";
		};
		643956982219039600929D51 /* Supporting Files */ = {
			isa = PBXGroup;
			children = (
				6439568A2219032D00929D51 /* Main.storyboard */,
				6439568D2219032E00929D51 /* Assets.xcassets */,
				6439568F2219032E00929D51 /* LaunchScreen.storyboard */,
				643956922219032E00929D51 /* Info.plist */,
			);
			name = "Supporting Files";
			sourceTree = "<group>";
		};
		6439569A221903B300929D51 /* AppDelegate */ = {
			isa = PBXGroup;
			children = (
				643956862219032D00929D51 /* AppDelegate.swift */,
			);
			path = AppDelegate;
			sourceTree = "<group>";
		};
		6439569B2219051700929D51 /* FeSpinner */ = {
			isa = PBXGroup;
			children = (
				6439569C2219052F00929D51 /* Type */,
			);
			path = FeSpinner;
			sourceTree = "<group>";
		};
		6439569C2219052F00929D51 /* Type */ = {
			isa = PBXGroup;
			children = (
				64FE44C7221BD2E100D59B5B /* LoadingBox */,
				6439569D2219053D00929D51 /* Ten Dot */,
			);
			path = Type;
			sourceTree = "<group>";
		};
		6439569D2219053D00929D51 /* Ten Dot */ = {
			isa = PBXGroup;
			children = (
				6439569E2219056B00929D51 /* FeTenDot.swift */,
				643956A02219102500929D51 /* FeSpinnerTenDot.swift */,
			);
			path = "Ten Dot";
			sourceTree = "<group>";
		};
		643956A4221A96FF00929D51 /* Views */ = {
			isa = PBXGroup;
			children = (
				643956882219032D00929D51 /* ViewController.swift */,
				643956A6221A973100929D51 /* TenDotViewController.swift */,
			);
			path = Views;
			sourceTree = "<group>";
		};
		643956A5221A970E00929D51 /* Tools */ = {
			isa = PBXGroup;
			children = (
				643956A2221A878F00929D51 /* UIColor+Extension.swift */,
			);
			path = Tools;
			sourceTree = "<group>";
		};
		64FE44C7221BD2E100D59B5B /* LoadingBox */ = {
			isa = PBXGroup;
			children = (
				64FE44C8221BD30B00D59B5B /* FeLoadingIcon.swift */,
				64FE44CA221BD73B00D59B5B /* FeLoadingIconBox.swift */,
			);
			path = LoadingBox;
			sourceTree = "<group>";
		};
/* End PBXGroup section */

/* Begin PBXNativeTarget section */
		643956822219032D00929D51 /* FeSpinnerSwift */ = {
			isa = PBXNativeTarget;
			buildConfigurationList = 643956952219032E00929D51 /* Build configuration list for PBXNativeTarget "FeSpinnerSwift" */;
			buildPhases = (
				6439567F2219032D00929D51 /* Sources */,
				643956802219032D00929D51 /* Frameworks */,
				643956812219032D00929D51 /* Resources */,
			);
			buildRules = (
			);
			dependencies = (
			);
			name = FeSpinnerSwift;
			productName = FeSpinnerSwift;
			productReference = 643956832219032D00929D51 /* FeSpinnerSwift.app */;
			productType = "com.apple.product-type.application";
		};
/* End PBXNativeTarget section */

/* Begin PBXProject section */
		6439567B2219032D00929D51 /* Project object */ = {
			isa = PBXProject;
			attributes = {
				LastSwiftUpdateCheck = 1010;
				LastUpgradeCheck = 1010;
				ORGANIZATIONNAME = Mazy;
				TargetAttributes = {
					643956822219032D00929D51 = {
						CreatedOnToolsVersion = 10.1;
					};
				};
			};
			buildConfigurationList = 6439567E2219032D00929D51 /* Build configuration list for PBXProject "FeSpinnerSwift" */;
			compatibilityVersion = "Xcode 9.3";
			developmentRegion = en;
			hasScannedForEncodings = 0;
			knownRegions = (
				en,
				Base,
			);
			mainGroup = 6439567A2219032D00929D51;
			productRefGroup = 643956842219032D00929D51 /* Products */;
			projectDirPath = "";
			projectRoot = "";
			targets = (
				643956822219032D00929D51 /* FeSpinnerSwift */,
			);
		};
/* End PBXProject section */

/* Begin PBXResourcesBuildPhase section */
		643956812219032D00929D51 /* Resources */ = {
			isa = PBXResourcesBuildPhase;
			buildActionMask = 2147483647;
			files = (
				643956912219032E00929D51 /* LaunchScreen.storyboard in Resources */,
				6439568E2219032E00929D51 /* Assets.xcassets in Resources */,
				6439568C2219032D00929D51 /* Main.storyboard in Resources */,
			);
			runOnlyForDeploymentPostprocessing = 0;
		};
/* End PBXResourcesBuildPhase section */

/* Begin PBXSourcesBuildPhase section */
		6439567F2219032D00929D51 /* Sources */ = {
			isa = PBXSourcesBuildPhase;
			buildActionMask = 2147483647;
			files = (
				64FE44C9221BD30B00D59B5B /* FeLoadingIcon.swift in Sources */,
				643956A12219102500929D51 /* FeSpinnerTenDot.swift in Sources */,
				643956892219032D00929D51 /* ViewController.swift in Sources */,
				643956872219032D00929D51 /* AppDelegate.swift in Sources */,
				64FE44CB221BD73B00D59B5B /* FeLoadingIconBox.swift in Sources */,
				6439569F2219056B00929D51 /* FeTenDot.swift in Sources */,
				643956A7221A973100929D51 /* TenDotViewController.swift in Sources */,
				643956A3221A878F00929D51 /* UIColor+Extension.swift in Sources */,
			);
			runOnlyForDeploymentPostprocessing = 0;
		};
/* End PBXSourcesBuildPhase section */

/* Begin PBXVariantGroup section */
		6439568A2219032D00929D51 /* Main.storyboard */ = {
			isa = PBXVariantGroup;
			children = (
				6439568B2219032D00929D51 /* Base */,
			);
			name = Main.storyboard;
			sourceTree = "<group>";
		};
		6439568F2219032E00929D51 /* LaunchScreen.storyboard */ = {
			isa = PBXVariantGroup;
			children = (
				643956902219032E00929D51 /* Base */,
			);
			name = LaunchScreen.storyboard;
			sourceTree = "<group>";
		};
/* End PBXVariantGroup section */

/* Begin XCBuildConfiguration section */
		643956932219032E00929D51 /* Debug */ = {
			isa = XCBuildConfiguration;
			buildSettings = {
				ALWAYS_SEARCH_USER_PATHS = NO;
				CLANG_ANALYZER_NONNULL = YES;
				CLANG_ANALYZER_NUMBER_OBJECT_CONVERSION = YES_AGGRESSIVE;
				CLANG_CXX_LANGUAGE_STANDARD = "gnu++14";
				CLANG_CXX_LIBRARY = "libc++";
				CLANG_ENABLE_MODULES = YES;
				CLANG_ENABLE_OBJC_ARC = YES;
				CLANG_ENABLE_OBJC_WEAK = YES;
				CLANG_WARN_BLOCK_CAPTURE_AUTORELEASING = YES;
				CLANG_WARN_BOOL_CONVERSION = YES;
				CLANG_WARN_COMMA = YES;
				CLANG_WARN_CONSTANT_CONVERSION = YES;
				CLANG_WARN_DEPRECATED_OBJC_IMPLEMENTATIONS = YES;
				CLANG_WARN_DIRECT_OBJC_ISA_USAGE = YES_ERROR;
				CLANG_WARN_DOCUMENTATION_COMMENTS = YES;
				CLANG_WARN_EMPTY_BODY = YES;
				CLANG_WARN_ENUM_CONVERSION = YES;
				CLANG_WARN_INFINITE_RECURSION = YES;
				CLANG_WARN_INT_CONVERSION = YES;
				CLANG_WARN_NON_LITERAL_NULL_CONVERSION = YES;
				CLANG_WARN_OBJC_IMPLICIT_RETAIN_SELF = YES;
				CLANG_WARN_OBJC_LITERAL_CONVERSION = YES;
				CLANG_WARN_OBJC_ROOT_CLASS = YES_ERROR;
				CLANG_WARN_RANGE_LOOP_ANALYSIS = YES;
				CLANG_WARN_STRICT_PROTOTYPES = YES;
				CLANG_WARN_SUSPICIOUS_MOVE = YES;
				CLANG_WARN_UNGUARDED_AVAILABILITY = YES_AGGRESSIVE;
				CLANG_WARN_UNREACHABLE_CODE = YES;
				CLANG_WARN__DUPLICATE_METHOD_MATCH = YES;
				CODE_SIGN_IDENTITY = "iPhone Developer";
				COPY_PHASE_STRIP = NO;
				DEBUG_INFORMATION_FORMAT = dwarf;
				ENABLE_STRICT_OBJC_MSGSEND = YES;
				ENABLE_TESTABILITY = YES;
				GCC_C_LANGUAGE_STANDARD = gnu11;
				GCC_DYNAMIC_NO_PIC = NO;
				GCC_NO_COMMON_BLOCKS = YES;
				GCC_OPTIMIZATION_LEVEL = 0;
				GCC_PREPROCESSOR_DEFINITIONS = (
					"DEBUG=1",
					"$(inherited)",
				);
				GCC_WARN_64_TO_32_BIT_CONVERSION = YES;
				GCC_WARN_ABOUT_RETURN_TYPE = YES_ERROR;
				GCC_WARN_UNDECLARED_SELECTOR = YES;
				GCC_WARN_UNINITIALIZED_AUTOS = YES_AGGRESSIVE;
				GCC_WARN_UNUSED_FUNCTION = YES;
				GCC_WARN_UNUSED_VARIABLE = YES;
				IPHONEOS_DEPLOYMENT_TARGET = 12.1;
				MTL_ENABLE_DEBUG_INFO = INCLUDE_SOURCE;
				MTL_FAST_MATH = YES;
				ONLY_ACTIVE_ARCH = YES;
				SDKROOT = iphoneos;
				SWIFT_ACTIVE_COMPILATION_CONDITIONS = DEBUG;
				SWIFT_OPTIMIZATION_LEVEL = "-Onone";
			};
			name = Debug;
		};
		643956942219032E00929D51 /* Release */ = {
			isa = XCBuildConfiguration;
			buildSettings = {
				ALWAYS_SEARCH_USER_PATHS = NO;
				CLANG_ANALYZER_NONNULL = YES;
				CLANG_ANALYZER_NUMBER_OBJECT_CONVERSION = YES_AGGRESSIVE;
				CLANG_CXX_LANGUAGE_STANDARD = "gnu++14";
				CLANG_CXX_LIBRARY = "libc++";
				CLANG_ENABLE_MODULES = YES;
				CLANG_ENABLE_OBJC_ARC = YES;
				CLANG_ENABLE_OBJC_WEAK = YES;
				CLANG_WARN_BLOCK_CAPTURE_AUTORELEASING = YES;
				CLANG_WARN_BOOL_CONVERSION = YES;
				CLANG_WARN_COMMA = YES;
				CLANG_WARN_CONSTANT_CONVERSION = YES;
				CLANG_WARN_DEPRECATED_OBJC_IMPLEMENTATIONS = YES;
				CLANG_WARN_DIRECT_OBJC_ISA_USAGE = YES_ERROR;
				CLANG_WARN_DOCUMENTATION_COMMENTS = YES;
				CLANG_WARN_EMPTY_BODY = YES;
				CLANG_WARN_ENUM_CONVERSION = YES;
				CLANG_WARN_INFINITE_RECURSION = YES;
				CLANG_WARN_INT_CONVERSION = YES;
				CLANG_WARN_NON_LITERAL_NULL_CONVERSION = YES;
				CLANG_WARN_OBJC_IMPLICIT_RETAIN_SELF = YES;
				CLANG_WARN_OBJC_LITERAL_CONVERSION = YES;
				CLANG_WARN_OBJC_ROOT_CLASS = YES_ERROR;
				CLANG_WARN_RANGE_LOOP_ANALYSIS = YES;
				CLANG_WARN_STRICT_PROTOTYPES = YES;
				CLANG_WARN_SUSPICIOUS_MOVE = YES;
				CLANG_WARN_UNGUARDED_AVAILABILITY = YES_AGGRESSIVE;
				CLANG_WARN_UNREACHABLE_CODE = YES;
				CLANG_WARN__DUPLICATE_METHOD_MATCH = YES;
				CODE_SIGN_IDENTITY = "iPhone Developer";
				COPY_PHASE_STRIP = NO;
				DEBUG_INFORMATION_FORMAT = "dwarf-with-dsym";
				ENABLE_NS_ASSERTIONS = NO;
				ENABLE_STRICT_OBJC_MSGSEND = YES;
				GCC_C_LANGUAGE_STANDARD = gnu11;
				GCC_NO_COMMON_BLOCKS = YES;
				GCC_WARN_64_TO_32_BIT_CONVERSION = YES;
				GCC_WARN_ABOUT_RETURN_TYPE = YES_ERROR;
				GCC_WARN_UNDECLARED_SELECTOR = YES;
				GCC_WARN_UNINITIALIZED_AUTOS = YES_AGGRESSIVE;
				GCC_WARN_UNUSED_FUNCTION = YES;
				GCC_WARN_UNUSED_VARIABLE = YES;
				IPHONEOS_DEPLOYMENT_TARGET = 12.1;
				MTL_ENABLE_DEBUG_INFO = NO;
				MTL_FAST_MATH = YES;
				SDKROOT = iphoneos;
				SWIFT_COMPILATION_MODE = wholemodule;
				SWIFT_OPTIMIZATION_LEVEL = "-O";
				VALIDATE_PRODUCT = YES;
			};
			name = Release;
		};
		643956962219032E00929D51 /* Debug */ = {
			isa = XCBuildConfiguration;
			buildSettings = {
				ASSETCATALOG_COMPILER_APPICON_NAME = AppIcon;
				CODE_SIGN_STYLE = Automatic;
				DEVELOPMENT_TEAM = WN65XWFSMX;
				INFOPLIST_FILE = FeSpinnerSwift/Info.plist;
				LD_RUNPATH_SEARCH_PATHS = (
					"$(inherited)",
					"@executable_path/Frameworks",
				);
				PRODUCT_BUNDLE_IDENTIFIER = mazy.FeSpinnerSwift;
				PRODUCT_NAME = "$(TARGET_NAME)";
				SWIFT_VERSION = 4.2;
				TARGETED_DEVICE_FAMILY = "1,2";
			};
			name = Debug;
		};
		643956972219032E00929D51 /* Release */ = {
			isa = XCBuildConfiguration;
			buildSettings = {
				ASSETCATALOG_COMPILER_APPICON_NAME = AppIcon;
				CODE_SIGN_STYLE = Automatic;
				DEVELOPMENT_TEAM = WN65XWFSMX;
				INFOPLIST_FILE = FeSpinnerSwift/Info.plist;
				LD_RUNPATH_SEARCH_PATHS = (
					"$(inherited)",
					"@executable_path/Frameworks",
				);
				PRODUCT_BUNDLE_IDENTIFIER = mazy.FeSpinnerSwift;
				PRODUCT_NAME = "$(TARGET_NAME)";
				SWIFT_VERSION = 4.2;
				TARGETED_DEVICE_FAMILY = "1,2";
			};
			name = Release;
		};
/* End XCBuildConfiguration section */

/* Begin XCConfigurationList section */
		6439567E2219032D00929D51 /* Build configuration list for PBXProject "FeSpinnerSwift" */ = {
			isa = XCConfigurationList;
			buildConfigurations = (
				643956932219032E00929D51 /* Debug */,
				643956942219032E00929D51 /* Release */,
			);
			defaultConfigurationIsVisible = 0;
			defaultConfigurationName = Release;
		};
		643956952219032E00929D51 /* Build configuration list for PBXNativeTarget "FeSpinnerSwift" */ = {
			isa = XCConfigurationList;
			buildConfigurations = (
				643956962219032E00929D51 /* Debug */,
				643956972219032E00929D51 /* Release */,
			);
			defaultConfigurationIsVisible = 0;
			defaultConfigurationName = Release;
		};
/* End XCConfigurationList section */
	};
	rootObject = 6439567B2219032D00929D51 /* Project object */;
}
